// !$*UTF8*$!
{
	archiveVersion = 1;
	classes = {
	};
	objectVersion = 46;
	objects = {

/* Begin PBXBuildFile section */
		9A8023401B040F5000987E09 /* main.m in Sources */ = {isa = PBXBuildFile; fileRef = 9A80233F1B040F5000987E09 /* main.m */; };
		9A8023431B040F5000987E09 /* AppDelegate.m in Sources */ = {isa = PBXBuildFile; fileRef = 9A8023421B040F5000987E09 /* AppDelegate.m */; };
		9A8023461B040F5000987E09 /* ViewController.m in Sources */ = {isa = PBXBuildFile; fileRef = 9A8023451B040F5000987E09 /* ViewController.m */; };
		9A8023491B040F5000987E09 /* Main.storyboard in Resources */ = {isa = PBXBuildFile; fileRef = 9A8023471B040F5000987E09 /* Main.storyboard */; };
		9A80234B1B040F5000987E09 /* Images.xcassets in Resources */ = {isa = PBXBuildFile; fileRef = 9A80234A1B040F5000987E09 /* Images.xcassets */; };
		9A80234E1B040F5000987E09 /* LaunchScreen.xib in Resources */ = {isa = PBXBuildFile; fileRef = 9A80234C1B040F5000987E09 /* LaunchScreen.xib */; };
		9A80235A1B040F5000987E09 /* GitHubExampleTests.m in Sources */ = {isa = PBXBuildFile; fileRef = 9A8023591B040F5000987E09 /* GitHubExampleTests.m */; };
/* End PBXBuildFile section */

/* Begin PBXContainerItemProxy section */
		9A8023541B040F5000987E09 /* PBXContainerItemProxy */ = {
			isa = PBXContainerItemProxy;
			containerPortal = 9A8023321B040F5000987E09 /* Project object */;
			proxyType = 1;
			remoteGlobalIDString = 9A8023391B040F5000987E09;
			remoteInfo = GitHubExample;
		};
/* End PBXContainerItemProxy section */

/* Begin PBXFileReference section */
		9A80233A1B040F5000987E09 /* GitHubExample.app */ = {isa = PBXFileReference; explicitFileType = wrapper.application; includeInIndex = 0; path = GitHubExample.app; sourceTree = BUILT_PRODUCTS_DIR; };
		9A80233E1B040F5000987E09 /* Info.plist */ = {isa = PBXFileReference; lastKnownFileType = text.plist.xml; path = Info.plist; sourceTree = "<group>"; };
		9A80233F1B040F5000987E09 /* main.m */ = {isa = PBXFileReference; lastKnownFileType = sourcecode.c.objc; path = main.m; sourceTree = "<group>"; };
		9A8023411B040F5000987E09 /* AppDelegate.h */ = {isa = PBXFileReference; lastKnownFileType = sourcecode.c.h; path = AppDelegate.h; sourceTree = "<group>"; };
		9A8023421B040F5000987E09 /* AppDelegate.m */ = {isa = PBXFileReference; lastKnownFileType = sourcecode.c.objc; path = AppDelegate.m; sourceTree = "<group>"; };
		9A8023441B040F5000987E09 /* ViewController.h */ = {isa = PBXFileReference; lastKnownFileType = sourcecode.c.h; path = ViewController.h; sourceTree = "<group>"; };
		9A8023451B040F5000987E09 /* ViewController.m */ = {isa = PBXFileReference; lastKnownFileType = sourcecode.c.objc; path = ViewController.m; sourceTree = "<group>"; };
		9A8023481B040F5000987E09 /* Base */ = {isa = PBXFileReference; lastKnownFileType = file.storyboard; name = Base; path = Base.lproj/Main.storyboard; sourceTree = "<group>"; };
		9A80234A1B040F5000987E09 /* Images.xcassets */ = {isa = PBXFileReference; lastKnownFileType = folder.assetcatalog; path = Images.xcassets; sourceTree = "<group>"; };
		9A80234D1B040F5000987E09 /* Base */ = {isa = PBXFileReference; lastKnownFileType = file.xib; name = Base; path = Base.lproj/LaunchScreen.xib; sourceTree = "<group>"; };
		9A8023531B040F5000987E09 /* GitHubExampleTests.xctest */ = {isa = PBXFileReference; explicitFileType = wrapper.cfbundle; includeInIndex = 0; path = GitHubExampleTests.xctest; sourceTree = BUILT_PRODUCTS_DIR; };
		9A8023581B040F5000987E09 /* Info.plist */ = {isa = PBXFileReference; lastKnownFileType = text.plist.xml; path = Info.plist; sourceTree = "<group>"; };
		9A8023591B040F5000987E09 /* GitHubExampleTests.m */ = {isa = PBXFileReference; lastKnownFileType = sourcecode.c.objc; path = GitHubExampleTests.m; sourceTree = "<group>"; };
/* End PBXFileReference section */

/* Begin PBXFrameworksBuildPhase section */
		9A8023371B040F5000987E09 /* Frameworks */ = {
			isa = PBXFrameworksBuildPhase;
			buildActionMask = 2147483647;
			files = (
			);
			runOnlyForDeploymentPostprocessing = 0;
		};
		9A8023501B040F5000987E09 /* Frameworks */ = {
			isa = PBXFrameworksBuildPhase;
			buildActionMask = 2147483647;
			files = (
			);
			runOnlyForDeploymentPostprocessing = 0;
		};
/* End PBXFrameworksBuildPhase section */

/* Begin PBXGroup section */
		9A8023311B040F5000987E09 = {
			isa = PBXGroup;
			children = (
				9A80233C1B040F5000987E09 /* GitHubExample */,
				9A8023561B040F5000987E09 /* GitHubExampleTests */,
				9A80233B1B040F5000987E09 /* Products */,
			);
			sourceTree = "<group>";
		};
		9A80233B1B040F5000987E09 /* Products */ = {
			isa = PBXGroup;
			children = (
				9A80233A1B040F5000987E09 /* GitHubExample.app */,
				9A8023531B040F5000987E09 /* GitHubExampleTests.xctest */,
			);
			name = Products;
			sourceTree = "<group>";
		};
		9A80233C1B040F5000987E09 /* GitHubExample */ = {
			isa = PBXGroup;
			children = (
				9A8023411B040F5000987E09 /* AppDelegate.h */,
				9A8023421B040F5000987E09 /* AppDelegate.m */,
				9A8023441B040F5000987E09 /* ViewController.h */,
				9A8023451B040F5000987E09 /* ViewController.m */,
				9A8023471B040F5000987E09 /* Main.storyboard */,
				9A80234A1B040F5000987E09 /* Images.xcassets */,
				9A80234C1B040F5000987E09 /* LaunchScreen.xib */,
				9A80233D1B040F5000987E09 /* Supporting Files */,
			);
			path = GitHubExample;
			sourceTree = "<group>";
		};
		9A80233D1B040F5000987E09 /* Supporting Files */ = {
			isa = PBXGroup;
			children = (
				9A80233E1B040F5000987E09 /* Info.plist */,
				9A80233F1B040F5000987E09 /* main.m */,
			);
			name = "Supporting Files";
			sourceTree = "<group>";
		};
		9A8023561B040F5000987E09 /* GitHubExampleTests */ = {
			isa = PBXGroup;
			children = (
				9A8023591B040F5000987E09 /* GitHubExampleTests.m */,
				9A8023571B040F5000987E09 /* Supporting Files */,
			);
			path = GitHubExampleTests;
			sourceTree = "<group>";
		};
		9A8023571B040F5000987E09 /* Supporting Files */ = {
			isa = PBXGroup;
			children = (
				9A8023581B040F5000987E09 /* Info.plist */,
			);
			name = "Supporting Files";
			sourceTree = "<group>";
		};
/* End PBXGroup section */

/* Begin PBXNativeTarget section */
		9A8023391B040F5000987E09 /* GitHubExample */ = {
			isa = PBXNativeTarget;
			buildConfigurationList = 9A80235D1B040F5000987E09 /* Build configuration list for PBXNativeTarget "GitHubExample" */;
			buildPhases = (
				9A8023361B040F5000987E09 /* Sources */,
				9A8023371B040F5000987E09 /* Frameworks */,
				9A8023381B040F5000987E09 /* Resources */,
			);
			buildRules = (
			);
			dependencies = (
			);
			name = GitHubExample;
			productName = GitHubExample;
			productReference = 9A80233A1B040F5000987E09 /* GitHubExample.app */;
			productType = "com.apple.product-type.application";
		};
		9A8023521B040F5000987E09 /* GitHubExampleTests */ = {
			isa = PBXNativeTarget;
			buildConfigurationList = 9A8023601B040F5000987E09 /* Build configuration list for PBXNativeTarget "GitHubExampleTests" */;
			buildPhases = (
				9A80234F1B040F5000987E09 /* Sources */,
				9A8023501B040F5000987E09 /* Frameworks */,
				9A8023511B040F5000987E09 /* Resources */,
			);
			buildRules = (
			);
			dependencies = (
				9A8023551B040F5000987E09 /* PBXTargetDependency */,
			);
			name = GitHubExampleTests;
			productName = GitHubExampleTests;
			productReference = 9A8023531B040F5000987E09 /* GitHubExampleTests.xctest */;
			productType = "com.apple.product-type.bundle.unit-test";
		};
/* End PBXNativeTarget section */

/* Begin PBXProject section */
		9A8023321B040F5000987E09 /* Project object */ = {
			isa = PBXProject;
			attributes = {
				LastUpgradeCheck = 0620;
				ORGANIZATIONNAME = "___AndersChaplin___";
				TargetAttributes = {
					9A8023391B040F5000987E09 = {
						CreatedOnToolsVersion = 6.2;
					};
					9A8023521B040F5000987E09 = {
						CreatedOnToolsVersion = 6.2;
						TestTargetID = 9A8023391B040F5000987E09;
					};
				};
			};
			buildConfigurationList = 9A8023351B040F5000987E09 /* Build configuration list for PBXProject "GitHubExample" */;
			compatibilityVersion = "Xcode 3.2";
			developmentRegion = English;
			hasScannedForEncodings = 0;
			knownRegions = (
				en,
				Base,
			);
			mainGroup = 9A8023311B040F5000987E09;
			productRefGroup = 9A80233B1B040F5000987E09 /* Products */;
			projectDirPath = "";
			projectRoot = "";
			targets = (
				9A8023391B040F5000987E09 /* GitHubExample */,
				9A8023521B040F5000987E09 /* GitHubExampleTests */,
			);
		};
/* End PBXProject section */

/* Begin PBXResourcesBuildPhase section */
		9A8023381B040F5000987E09 /* Resources */ = {
			isa = PBXResourcesBuildPhase;
			buildActionMask = 2147483647;
			files = (
				9A8023491B040F5000987E09 /* Main.storyboard in Resources */,
				9A80234E1B040F5000987E09 /* LaunchScreen.xib in Resources */,
				9A80234B1B040F5000987E09 /* Images.xcassets in Resources */,
			);
			runOnlyForDeploymentPostprocessing = 0;
		};
		9A8023511B040F5000987E09 /* Resources */ = {
			isa = PBXResourcesBuildPhase;
			buildActionMask = 2147483647;
			files = (
			);
			runOnlyForDeploymentPostprocessing = 0;
		};
/* End PBXResourcesBuildPhase section */

/* Begin PBXSourcesBuildPhase section */
		9A8023361B040F5000987E09 /* Sources */ = {
			isa = PBXSourcesBuildPhase;
			buildActionMask = 2147483647;
			files = (
				9A8023461B040F5000987E09 /* ViewController.m in Sources */,
				9A8023431B040F5000987E09 /* AppDelegate.m in Sources */,
				9A8023401B040F5000987E09 /* main.m in Sources */,
			);
			runOnlyForDeploymentPostprocessing = 0;
		};
		9A80234F1B040F5000987E09 /* Sources */ = {
			isa = PBXSourcesBuildPhase;
			buildActionMask = 2147483647;
			files = (
				9A80235A1B040F5000987E09 /* GitHubExampleTests.m in Sources */,
			);
			runOnlyForDeploymentPostprocessing = 0;
		};
/* End PBXSourcesBuildPhase section */

/* Begin PBXTargetDependency section */
		9A8023551B040F5000987E09 /* PBXTargetDependency */ = {
			isa = PBXTargetDependency;
			target = 9A8023391B040F5000987E09 /* GitHubExample */;
			targetProxy = 9A8023541B040F5000987E09 /* PBXContainerItemProxy */;
		};
/* End PBXTargetDependency section */

/* Begin PBXVariantGroup section */
		9A8023471B040F5000987E09 /* Main.storyboard */ = {
			isa = PBXVariantGroup;
			children = (
				9A8023481B040F5000987E09 /* Base */,
			);
			name = Main.storyboard;
			sourceTree = "<group>";
		};
		9A80234C1B040F5000987E09 /* LaunchScreen.xib */ = {
			isa = PBXVariantGroup;
			children = (
				9A80234D1B040F5000987E09 /* Base */,
			);
			name = LaunchScreen.xib;
			sourceTree = "<group>";
		};
/* End PBXVariantGroup section */

/* Begin XCBuildConfiguration section */
		9A80235B1B040F5000987E09 /* Debug */ = {
			isa = XCBuildConfiguration;
			buildSettings = {
				ALWAYS_SEARCH_USER_PATHS = NO;
				CLANG_CXX_LANGUAGE_STANDARD = "gnu++0x";
				CLANG_CXX_LIBRARY = "libc++";
				CLANG_ENABLE_MODULES = YES;
				CLANG_ENABLE_OBJC_ARC = YES;
				CLANG_WARN_BOOL_CONVERSION = YES;
				CLANG_WARN_CONSTANT_CONVERSION = YES;
				CLANG_WARN_DIRECT_OBJC_ISA_USAGE = YES_ERROR;
				CLANG_WARN_EMPTY_BODY = YES;
				CLANG_WARN_ENUM_CONVERSION = YES;
				CLANG_WARN_INT_CONVERSION = YES;
				CLANG_WARN_OBJC_ROOT_CLASS = YES_ERROR;
				CLANG_WARN_UNREACHABLE_CODE = YES;
				CLANG_WARN__DUPLICATE_METHOD_MATCH = YES;
				"CODE_SIGN_IDENTITY[sdk=iphoneos*]" = "iPhone Developer";
				COPY_PHASE_STRIP = NO;
				ENABLE_STRICT_OBJC_MSGSEND = YES;
				GCC_C_LANGUAGE_STANDARD = gnu99;
				GCC_DYNAMIC_NO_PIC = NO;
				GCC_OPTIMIZATION_LEVEL = 0;
				GCC_PREPROCESSOR_DEFINITIONS = (
					"DEBUG=1",
					"$(inherited)",
				);
				GCC_SYMBOLS_PRIVATE_EXTERN = NO;
				GCC_WARN_64_TO_32_BIT_CONVERSION = YES;
				GCC_WARN_ABOUT_RETURN_TYPE = YES_ERROR;
				GCC_WARN_UNDECLARED_SELECTOR = YES;
				GCC_WARN_UNINITIALIZED_AUTOS = YES_AGGRESSIVE;
				GCC_WARN_UNUSED_FUNCTION = YES;
				GCC_WARN_UNUSED_VARIABLE = YES;
				IPHONEOS_DEPLOYMENT_TARGET = 8.2;
				MTL_ENABLE_DEBUG_INFO = YES;
				ONLY_ACTIVE_ARCH = YES;
				SDKROOT = iphoneos;
				TARGETED_DEVICE_FAMILY = "1,2";
			};
			name = Debug;
		};
		9A80235C1B040F5000987E09 /* Release */ = {
			isa = XCBuildConfiguration;
			buildSettings = {
				ALWAYS_SEARCH_USER_PATHS = NO;
				CLANG_CXX_LANGUAGE_STANDARD = "gnu++0x";
				CLANG_CXX_LIBRARY = "libc++";
				CLANG_ENABLE_MODULES = YES;
				CLANG_ENABLE_OBJC_ARC = YES;
				CLANG_WARN_BOOL_CONVERSION = YES;
				CLANG_WARN_CONSTANT_CONVERSION = YES;
				CLANG_WARN_DIRECT_OBJC_ISA_USAGE = YES_ERROR;
				CLANG_WARN_EMPTY_BODY = YES;
				CLANG_WARN_ENUM_CONVERSION = YES;
				CLANG_WARN_INT_CONVERSION = YES;
				CLANG_WARN_OBJC_ROOT_CLASS = YES_ERROR;
				CLANG_WARN_UNREACHABLE_CODE = YES;
				CLANG_WARN__DUPLICATE_METHOD_MATCH = YES;
				"CODE_SIGN_IDENTITY[sdk=iphoneos*]" = "iPhone Developer";
				COPY_PHASE_STRIP = NO;
				ENABLE_NS_ASSERTIONS = NO;
				ENABLE_STRICT_OBJC_MSGSEND = YES;
				GCC_C_LANGUAGE_STANDARD = gnu99;
				GCC_WARN_64_TO_32_BIT_CONVERSION = YES;
				GCC_WARN_ABOUT_RETURN_TYPE = YES_ERROR;
				GCC_WARN_UNDECLARED_SELECTOR = YES;
				GCC_WARN_UNINITIALIZED_AUTOS = YES_AGGRESSIVE;
				GCC_WARN_UNUSED_FUNCTION = YES;
				GCC_WARN_UNUSED_VARIABLE = YES;
				IPHONEOS_DEPLOYMENT_TARGET = 8.2;
				MTL_ENABLE_DEBUG_INFO = NO;
				SDKROOT = iphoneos;
				TARGETED_DEVICE_FAMILY = "1,2";
				VALIDATE_PRODUCT = YES;
			};
			name = Release;
		};
		9A80235E1B040F5000987E09 /* Debug */ = {
			isa = XCBuildConfiguration;
			buildSettings = {
				ASSETCATALOG_COMPILER_APPICON_NAME = AppIcon;
				INFOPLIST_FILE = GitHubExample/Info.plist;
				LD_RUNPATH_SEARCH_PATHS = "$(inherited) @executable_path/Frameworks";
				PRODUCT_NAME = "$(TARGET_NAME)";
			};
			name = Debug;
		};
		9A80235F1B040F5000987E09 /* Release */ = {
			isa = XCBuildConfiguration;
			buildSettings = {
				ASSETCATALOG_COMPILER_APPICON_NAME = AppIcon;
				INFOPLIST_FILE = GitHubExample/Info.plist;
				LD_RUNPATH_SEARCH_PATHS = "$(inherited) @executable_path/Frameworks";
				PRODUCT_NAME = "$(TARGET_NAME)";
			};
			name = Release;
		};
		9A8023611B040F5000987E09 /* Debug */ = {
			isa = XCBuildConfiguration;
			buildSettings = {
				BUNDLE_LOADER = "$(TEST_HOST)";
				FRAMEWORK_SEARCH_PATHS = (
					"$(SDKROOT)/Developer/Library/Frameworks",
					"$(inherited)",
				);
				GCC_PREPROCESSOR_DEFINITIONS = (
					"DEBUG=1",
					"$(inherited)",
				);
				INFOPLIST_FILE = GitHubExampleTests/Info.plist;
				LD_RUNPATH_SEARCH_PATHS = "$(inherited) @executable_path/Frameworks @loader_path/Frameworks";
				PRODUCT_NAME = "$(TARGET_NAME)";
				TEST_HOST = "$(BUILT_PRODUCTS_DIR)/GitHubExample.app/GitHubExample";
			};
			name = Debug;
		};
		9A8023621B040F5000987E09 /* Release */ = {
			isa = XCBuildConfiguration;
			buildSettings = {
				BUNDLE_LOADER = "$(TEST_HOST)";
				FRAMEWORK_SEARCH_PATHS = (
					"$(SDKROOT)/Developer/Library/Frameworks",
					"$(inherited)",
				);
				INFOPLIST_FILE = GitHubExampleTests/Info.plist;
				LD_RUNPATH_SEARCH_PATHS = "$(inherited) @executable_path/Frameworks @loader_path/Frameworks";
				PRODUCT_NAME = "$(TARGET_NAME)";
				TEST_HOST = "$(BUILT_PRODUCTS_DIR)/GitHubExample.app/GitHubExample";
			};
			name = Release;
		};
/* End XCBuildConfiguration section */

/* Begin XCConfigurationList section */
		9A8023351B040F5000987E09 /* Build configuration list for PBXProject "GitHubExample" */ = {
			isa = XCConfigurationList;
			buildConfigurations = (
				9A80235B1B040F5000987E09 /* Debug */,
				9A80235C1B040F5000987E09 /* Release */,
			);
			defaultConfigurationIsVisible = 0;
			defaultConfigurationName = Release;
		};
		9A80235D1B040F5000987E09 /* Build configuration list for PBXNativeTarget "GitHubExample" */ = {
			isa = XCConfigurationList;
			buildConfigurations = (
				9A80235E1B040F5000987E09 /* Debug */,
				9A80235F1B040F5000987E09 /* Release */,
			);
			defaultConfigurationIsVisible = 0;
		};
		9A8023601B040F5000987E09 /* Build configuration list for PBXNativeTarget "GitHubExampleTests" */ = {
			isa = XCConfigurationList;
			buildConfigurations = (
				9A8023611B040F5000987E09 /* Debug */,
				9A8023621B040F5000987E09 /* Release */,
			);
			defaultConfigurationIsVisible = 0;
		};
/* End XCConfigurationList section */
	};
	rootObject = 9A8023321B040F5000987E09 /* Project object */;
}
